
Microsoft Visual Studio Solution File, Format Version 12.00
# Visual Studio 15
VisualStudioVersion = 15.0.26228.4
MinimumVisualStudioVersion = 10.0.40219.1
Project("{8BB2217D-0F2D-49D1-97BC-3654ED321F3B}") = "DementiaHelper.WebApi", "DementiaHelper.WebApi\DementiaHelper.WebApi.xproj", "{53E0D08E-2B39-413D-A53B-3D6B9C4443B2}"
EndProject
Project("{FAE04EC0-301F-11D3-BF4B-00C04F79EFBC}") = "DementiaHelper", "DementiaHelper\DementiaHelper\DementiaHelper.csproj", "{5CD21448-899A-4B28-B3C6-F1B1685846FB}"
EndProject
Project("{FAE04EC0-301F-11D3-BF4B-00C04F79EFBC}") = "DementiaHelper.Droid", "DementiaHelper\DementiaHelper.Droid\DementiaHelper.Droid.csproj", "{79FA0B71-7167-45BA-A0AE-5F2622BC142A}"
EndProject
Project("{FAE04EC0-301F-11D3-BF4B-00C04F79EFBC}") = "DementiaHelper.iOS", "DementiaHelper\DementiaHelper.iOS\DementiaHelper.iOS.csproj", "{3948B92C-769E-48DE-83BB-D34146AEDFCD}"
EndProject
Project("{FAE04EC0-301F-11D3-BF4B-00C04F79EFBC}") = "SignalR_Server", "SignalR_Server\SignalR_Server.csproj", "{C0813C6D-AEEC-452E-ACCA-6D155A973BF1}"
EndProject
Global
	GlobalSection(SolutionConfigurationPlatforms) = preSolution
		Ad-Hoc|Any CPU = Ad-Hoc|Any CPU
		Ad-Hoc|iPhone = Ad-Hoc|iPhone
		Ad-Hoc|iPhoneSimulator = Ad-Hoc|iPhoneSimulator
		AppStore|Any CPU = AppStore|Any CPU
		AppStore|iPhone = AppStore|iPhone
		AppStore|iPhoneSimulator = AppStore|iPhoneSimulator
		Debug|Any CPU = Debug|Any CPU
		Debug|iPhone = Debug|iPhone
		Debug|iPhoneSimulator = Debug|iPhoneSimulator
		Release|Any CPU = Release|Any CPU
		Release|iPhone = Release|iPhone
		Release|iPhoneSimulator = Release|iPhoneSimulator
	EndGlobalSection
	GlobalSection(ProjectConfigurationPlatforms) = postSolution
		{53E0D08E-2B39-413D-A53B-3D6B9C4443B2}.Ad-Hoc|Any CPU.ActiveCfg = Debug|Any CPU
		{53E0D08E-2B39-413D-A53B-3D6B9C4443B2}.Ad-Hoc|Any CPU.Build.0 = Debug|Any CPU
		{53E0D08E-2B39-413D-A53B-3D6B9C4443B2}.Ad-Hoc|iPhone.ActiveCfg = Debug|Any CPU
		{53E0D08E-2B39-413D-A53B-3D6B9C4443B2}.Ad-Hoc|iPhone.Build.0 = Debug|Any CPU
		{53E0D08E-2B39-413D-A53B-3D6B9C4443B2}.Ad-Hoc|iPhoneSimulator.ActiveCfg = Debug|Any CPU
		{53E0D08E-2B39-413D-A53B-3D6B9C4443B2}.Ad-Hoc|iPhoneSimulator.Build.0 = Debug|Any CPU
		{53E0D08E-2B39-413D-A53B-3D6B9C4443B2}.AppStore|Any CPU.ActiveCfg = Debug|Any CPU
		{53E0D08E-2B39-413D-A53B-3D6B9C4443B2}.AppStore|Any CPU.Build.0 = Debug|Any CPU
		{53E0D08E-2B39-413D-A53B-3D6B9C4443B2}.AppStore|iPhone.ActiveCfg = Debug|Any CPU
		{53E0D08E-2B39-413D-A53B-3D6B9C4443B2}.AppStore|iPhone.Build.0 = Debug|Any CPU
		{53E0D08E-2B39-413D-A53B-3D6B9C4443B2}.AppStore|iPhoneSimulator.ActiveCfg = Debug|Any CPU
		{53E0D08E-2B39-413D-A53B-3D6B9C4443B2}.AppStore|iPhoneSimulator.Build.0 = Debug|Any CPU
		{53E0D08E-2B39-413D-A53B-3D6B9C4443B2}.Debug|Any CPU.ActiveCfg = Debug|Any CPU
		{53E0D08E-2B39-413D-A53B-3D6B9C4443B2}.Debug|Any CPU.Build.0 = Debug|Any CPU
		{53E0D08E-2B39-413D-A53B-3D6B9C4443B2}.Debug|iPhone.ActiveCfg = Debug|Any CPU
		{53E0D08E-2B39-413D-A53B-3D6B9C4443B2}.Debug|iPhone.Build.0 = Debug|Any CPU
		{53E0D08E-2B39-413D-A53B-3D6B9C4443B2}.Debug|iPhoneSimulator.ActiveCfg = Debug|Any CPU
		{53E0D08E-2B39-413D-A53B-3D6B9C4443B2}.Debug|iPhoneSimulator.Build.0 = Debug|Any CPU
		{53E0D08E-2B39-413D-A53B-3D6B9C4443B2}.Release|Any CPU.ActiveCfg = Release|Any CPU
		{53E0D08E-2B39-413D-A53B-3D6B9C4443B2}.Release|Any CPU.Build.0 = Release|Any CPU
		{53E0D08E-2B39-413D-A53B-3D6B9C4443B2}.Release|iPhone.ActiveCfg = Release|Any CPU
		{53E0D08E-2B39-413D-A53B-3D6B9C4443B2}.Release|iPhone.Build.0 = Release|Any CPU
		{53E0D08E-2B39-413D-A53B-3D6B9C4443B2}.Release|iPhoneSimulator.ActiveCfg = Release|Any CPU
		{53E0D08E-2B39-413D-A53B-3D6B9C4443B2}.Release|iPhoneSimulator.Build.0 = Release|Any CPU
		{5CD21448-899A-4B28-B3C6-F1B1685846FB}.Ad-Hoc|Any CPU.ActiveCfg = Release|Any CPU
		{5CD21448-899A-4B28-B3C6-F1B1685846FB}.Ad-Hoc|Any CPU.Build.0 = Release|Any CPU
		{5CD21448-899A-4B28-B3C6-F1B1685846FB}.Ad-Hoc|iPhone.ActiveCfg = Release|Any CPU
		{5CD21448-899A-4B28-B3C6-F1B1685846FB}.Ad-Hoc|iPhone.Build.0 = Release|Any CPU
		{5CD21448-899A-4B28-B3C6-F1B1685846FB}.Ad-Hoc|iPhoneSimulator.ActiveCfg = Release|Any CPU
		{5CD21448-899A-4B28-B3C6-F1B1685846FB}.Ad-Hoc|iPhoneSimulator.Build.0 = Release|Any CPU
		{5CD21448-899A-4B28-B3C6-F1B1685846FB}.AppStore|Any CPU.ActiveCfg = Release|Any CPU
		{5CD21448-899A-4B28-B3C6-F1B1685846FB}.AppStore|Any CPU.Build.0 = Release|Any CPU
		{5CD21448-899A-4B28-B3C6-F1B1685846FB}.AppStore|iPhone.ActiveCfg = Release|Any CPU
		{5CD21448-899A-4B28-B3C6-F1B1685846FB}.AppStore|iPhone.Build.0 = Release|Any CPU
		{5CD21448-899A-4B28-B3C6-F1B1685846FB}.AppStore|iPhoneSimulator.ActiveCfg = Release|Any CPU
		{5CD21448-899A-4B28-B3C6-F1B1685846FB}.AppStore|iPhoneSimulator.Build.0 = Release|Any CPU
		{5CD21448-899A-4B28-B3C6-F1B1685846FB}.Debug|Any CPU.ActiveCfg = Debug|Any CPU
		{5CD21448-899A-4B28-B3C6-F1B1685846FB}.Debug|Any CPU.Build.0 = Debug|Any CPU
		{5CD21448-899A-4B28-B3C6-F1B1685846FB}.Debug|iPhone.ActiveCfg = Debug|Any CPU
		{5CD21448-899A-4B28-B3C6-F1B1685846FB}.Debug|iPhone.Build.0 = Debug|Any CPU
		{5CD21448-899A-4B28-B3C6-F1B1685846FB}.Debug|iPhoneSimulator.ActiveCfg = Debug|Any CPU
		{5CD21448-899A-4B28-B3C6-F1B1685846FB}.Debug|iPhoneSimulator.Build.0 = Debug|Any CPU
		{5CD21448-899A-4B28-B3C6-F1B1685846FB}.Release|Any CPU.ActiveCfg = Release|Any CPU
		{5CD21448-899A-4B28-B3C6-F1B1685846FB}.Release|Any CPU.Build.0 = Release|Any CPU
		{5CD21448-899A-4B28-B3C6-F1B1685846FB}.Release|iPhone.ActiveCfg = Release|Any CPU
		{5CD21448-899A-4B28-B3C6-F1B1685846FB}.Release|iPhone.Build.0 = Release|Any CPU
		{5CD21448-899A-4B28-B3C6-F1B1685846FB}.Release|iPhoneSimulator.ActiveCfg = Release|Any CPU
		{5CD21448-899A-4B28-B3C6-F1B1685846FB}.Release|iPhoneSimulator.Build.0 = Release|Any CPU
		{79FA0B71-7167-45BA-A0AE-5F2622BC142A}.Ad-Hoc|Any CPU.ActiveCfg = Release|Any CPU
		{79FA0B71-7167-45BA-A0AE-5F2622BC142A}.Ad-Hoc|Any CPU.Build.0 = Release|Any CPU
		{79FA0B71-7167-45BA-A0AE-5F2622BC142A}.Ad-Hoc|Any CPU.Deploy.0 = Release|Any CPU
		{79FA0B71-7167-45BA-A0AE-5F2622BC142A}.Ad-Hoc|iPhone.ActiveCfg = Release|Any CPU
		{79FA0B71-7167-45BA-A0AE-5F2622BC142A}.Ad-Hoc|iPhone.Build.0 = Release|Any CPU
		{79FA0B71-7167-45BA-A0AE-5F2622BC142A}.Ad-Hoc|iPhone.Deploy.0 = Release|Any CPU
		{79FA0B71-7167-45BA-A0AE-5F2622BC142A}.Ad-Hoc|iPhoneSimulator.ActiveCfg = Release|Any CPU
		{79FA0B71-7167-45BA-A0AE-5F2622BC142A}.Ad-Hoc|iPhoneSimulator.Build.0 = Release|Any CPU
		{79FA0B71-7167-45BA-A0AE-5F2622BC142A}.Ad-Hoc|iPhoneSimulator.Deploy.0 = Release|Any CPU
		{79FA0B71-7167-45BA-A0AE-5F2622BC142A}.AppStore|Any CPU.ActiveCfg = Release|Any CPU
		{79FA0B71-7167-45BA-A0AE-5F2622BC142A}.AppStore|Any CPU.Build.0 = Release|Any CPU
		{79FA0B71-7167-45BA-A0AE-5F2622BC142A}.AppStore|Any CPU.Deploy.0 = Release|Any CPU
		{79FA0B71-7167-45BA-A0AE-5F2622BC142A}.AppStore|iPhone.ActiveCfg = Release|Any CPU
		{79FA0B71-7167-45BA-A0AE-5F2622BC142A}.AppStore|iPhone.Build.0 = Release|Any CPU
		{79FA0B71-7167-45BA-A0AE-5F2622BC142A}.AppStore|iPhone.Deploy.0 = Release|Any CPU
		{79FA0B71-7167-45BA-A0AE-5F2622BC142A}.AppStore|iPhoneSimulator.ActiveCfg = Release|Any CPU
		{79FA0B71-7167-45BA-A0AE-5F2622BC142A}.AppStore|iPhoneSimulator.Build.0 = Release|Any CPU
		{79FA0B71-7167-45BA-A0AE-5F2622BC142A}.AppStore|iPhoneSimulator.Deploy.0 = Release|Any CPU
		{79FA0B71-7167-45BA-A0AE-5F2622BC142A}.Debug|Any CPU.ActiveCfg = Debug|Any CPU
		{79FA0B71-7167-45BA-A0AE-5F2622BC142A}.Debug|Any CPU.Build.0 = Debug|Any CPU
		{79FA0B71-7167-45BA-A0AE-5F2622BC142A}.Debug|Any CPU.Deploy.0 = Debug|Any CPU
		{79FA0B71-7167-45BA-A0AE-5F2622BC142A}.Debug|iPhone.ActiveCfg = Debug|Any CPU
		{79FA0B71-7167-45BA-A0AE-5F2622BC142A}.Debug|iPhone.Build.0 = Debug|Any CPU
		{79FA0B71-7167-45BA-A0AE-5F2622BC142A}.Debug|iPhone.Deploy.0 = Debug|Any CPU
		{79FA0B71-7167-45BA-A0AE-5F2622BC142A}.Debug|iPhoneSimulator.ActiveCfg = Debug|Any CPU
		{79FA0B71-7167-45BA-A0AE-5F2622BC142A}.Debug|iPhoneSimulator.Build.0 = Debug|Any CPU
		{79FA0B71-7167-45BA-A0AE-5F2622BC142A}.Debug|iPhoneSimulator.Deploy.0 = Debug|Any CPU
		{79FA0B71-7167-45BA-A0AE-5F2622BC142A}.Release|Any CPU.ActiveCfg = Release|Any CPU
		{79FA0B71-7167-45BA-A0AE-5F2622BC142A}.Release|Any CPU.Build.0 = Release|Any CPU
		{79FA0B71-7167-45BA-A0AE-5F2622BC142A}.Release|Any CPU.Deploy.0 = Release|Any CPU
		{79FA0B71-7167-45BA-A0AE-5F2622BC142A}.Release|iPhone.ActiveCfg = Release|Any CPU
		{79FA0B71-7167-45BA-A0AE-5F2622BC142A}.Release|iPhone.Build.0 = Release|Any CPU
		{79FA0B71-7167-45BA-A0AE-5F2622BC142A}.Release|iPhone.Deploy.0 = Release|Any CPU
		{79FA0B71-7167-45BA-A0AE-5F2622BC142A}.Release|iPhoneSimulator.ActiveCfg = Release|Any CPU
		{79FA0B71-7167-45BA-A0AE-5F2622BC142A}.Release|iPhoneSimulator.Build.0 = Release|Any CPU
		{79FA0B71-7167-45BA-A0AE-5F2622BC142A}.Release|iPhoneSimulator.Deploy.0 = Release|Any CPU
		{3948B92C-769E-48DE-83BB-D34146AEDFCD}.Ad-Hoc|Any CPU.ActiveCfg = Ad-Hoc|iPhone
		{3948B92C-769E-48DE-83BB-D34146AEDFCD}.Ad-Hoc|iPhone.ActiveCfg = Ad-Hoc|iPhone
		{3948B92C-769E-48DE-83BB-D34146AEDFCD}.Ad-Hoc|iPhone.Build.0 = Ad-Hoc|iPhone
		{3948B92C-769E-48DE-83BB-D34146AEDFCD}.Ad-Hoc|iPhoneSimulator.ActiveCfg = Ad-Hoc|iPhoneSimulator
		{3948B92C-769E-48DE-83BB-D34146AEDFCD}.Ad-Hoc|iPhoneSimulator.Build.0 = Ad-Hoc|iPhoneSimulator
		{3948B92C-769E-48DE-83BB-D34146AEDFCD}.AppStore|Any CPU.ActiveCfg = AppStore|iPhone
		{3948B92C-769E-48DE-83BB-D34146AEDFCD}.AppStore|iPhone.ActiveCfg = AppStore|iPhone
		{3948B92C-769E-48DE-83BB-D34146AEDFCD}.AppStore|iPhone.Build.0 = AppStore|iPhone
		{3948B92C-769E-48DE-83BB-D34146AEDFCD}.AppStore|iPhoneSimulator.ActiveCfg = AppStore|iPhoneSimulator
		{3948B92C-769E-48DE-83BB-D34146AEDFCD}.AppStore|iPhoneSimulator.Build.0 = AppStore|iPhoneSimulator
		{3948B92C-769E-48DE-83BB-D34146AEDFCD}.Debug|Any CPU.ActiveCfg = Debug|iPhoneSimulator
		{3948B92C-769E-48DE-83BB-D34146AEDFCD}.Debug|Any CPU.Build.0 = Debug|iPhoneSimulator
		{3948B92C-769E-48DE-83BB-D34146AEDFCD}.Debug|iPhone.ActiveCfg = Debug|iPhone
		{3948B92C-769E-48DE-83BB-D34146AEDFCD}.Debug|iPhone.Build.0 = Debug|iPhone
		{3948B92C-769E-48DE-83BB-D34146AEDFCD}.Debug|iPhoneSimulator.ActiveCfg = Debug|iPhoneSimulator
		{3948B92C-769E-48DE-83BB-D34146AEDFCD}.Debug|iPhoneSimulator.Build.0 = Debug|iPhoneSimulator
		{3948B92C-769E-48DE-83BB-D34146AEDFCD}.Release|Any CPU.ActiveCfg = Release|iPhone
		{3948B92C-769E-48DE-83BB-D34146AEDFCD}.Release|iPhone.ActiveCfg = Release|iPhone
		{3948B92C-769E-48DE-83BB-D34146AEDFCD}.Release|iPhone.Build.0 = Release|iPhone
		{3948B92C-769E-48DE-83BB-D34146AEDFCD}.Release|iPhoneSimulator.ActiveCfg = Release|iPhoneSimulator
		{3948B92C-769E-48DE-83BB-D34146AEDFCD}.Release|iPhoneSimulator.Build.0 = Release|iPhoneSimulator
		{C0813C6D-AEEC-452E-ACCA-6D155A973BF1}.Ad-Hoc|Any CPU.ActiveCfg = Release|Any CPU
		{C0813C6D-AEEC-452E-ACCA-6D155A973BF1}.Ad-Hoc|Any CPU.Build.0 = Release|Any CPU
		{C0813C6D-AEEC-452E-ACCA-6D155A973BF1}.Ad-Hoc|iPhone.ActiveCfg = Release|Any CPU
		{C0813C6D-AEEC-452E-ACCA-6D155A973BF1}.Ad-Hoc|iPhone.Build.0 = Release|Any CPU
		{C0813C6D-AEEC-452E-ACCA-6D155A973BF1}.Ad-Hoc|iPhoneSimulator.ActiveCfg = Release|Any CPU
		{C0813C6D-AEEC-452E-ACCA-6D155A973BF1}.Ad-Hoc|iPhoneSimulator.Build.0 = Release|Any CPU
		{C0813C6D-AEEC-452E-ACCA-6D155A973BF1}.AppStore|Any CPU.ActiveCfg = Release|Any CPU
		{C0813C6D-AEEC-452E-ACCA-6D155A973BF1}.AppStore|Any CPU.Build.0 = Release|Any CPU
		{C0813C6D-AEEC-452E-ACCA-6D155A973BF1}.AppStore|iPhone.ActiveCfg = Release|Any CPU
		{C0813C6D-AEEC-452E-ACCA-6D155A973BF1}.AppStore|iPhone.Build.0 = Release|Any CPU
		{C0813C6D-AEEC-452E-ACCA-6D155A973BF1}.AppStore|iPhoneSimulator.ActiveCfg = Release|Any CPU
		{C0813C6D-AEEC-452E-ACCA-6D155A973BF1}.AppStore|iPhoneSimulator.Build.0 = Release|Any CPU
		{C0813C6D-AEEC-452E-ACCA-6D155A973BF1}.Debug|Any CPU.ActiveCfg = Debug|Any CPU
		{C0813C6D-AEEC-452E-ACCA-6D155A973BF1}.Debug|Any CPU.Build.0 = Debug|Any CPU
		{C0813C6D-AEEC-452E-ACCA-6D155A973BF1}.Debug|iPhone.ActiveCfg = Debug|Any CPU
		{C0813C6D-AEEC-452E-ACCA-6D155A973BF1}.Debug|iPhone.Build.0 = Debug|Any CPU
		{C0813C6D-AEEC-452E-ACCA-6D155A973BF1}.Debug|iPhoneSimulator.ActiveCfg = Debug|Any CPU
		{C0813C6D-AEEC-452E-ACCA-6D155A973BF1}.Debug|iPhoneSimulator.Build.0 = Debug|Any CPU
		{C0813C6D-AEEC-452E-ACCA-6D155A973BF1}.Release|Any CPU.ActiveCfg = Release|Any CPU
		{C0813C6D-AEEC-452E-ACCA-6D155A973BF1}.Release|Any CPU.Build.0 = Release|Any CPU
		{C0813C6D-AEEC-452E-ACCA-6D155A973BF1}.Release|iPhone.ActiveCfg = Release|Any CPU
		{C0813C6D-AEEC-452E-ACCA-6D155A973BF1}.Release|iPhone.Build.0 = Release|Any CPU
		{C0813C6D-AEEC-452E-ACCA-6D155A973BF1}.Release|iPhoneSimulator.ActiveCfg = Release|Any CPU
		{C0813C6D-AEEC-452E-ACCA-6D155A973BF1}.Release|iPhoneSimulator.Build.0 = Release|Any CPU
	EndGlobalSection
	GlobalSection(SolutionProperties) = preSolution
		HideSolutionNode = FALSE
	EndGlobalSection
EndGlobal
